
Microsoft Visual Studio Solution File, Format Version 12.00
# Visual Studio Version 16
VisualStudioVersion = 16.0.30002.166
MinimumVisualStudioVersion = 10.0.40219.1
Project("{FAE04EC0-301F-11D3-BF4B-00C04F79EFBC}") = "Loop.Services", "Loop.Services\Loop.Services.csproj", "{AF54FC27-A0F1-458E-AEAC-9E729BDA9F79}"
EndProject
Project("{FAE04EC0-301F-11D3-BF4B-00C04F79EFBC}") = "Loop.Database", "Loop.Database\Loop.Database.csproj", "{4D8EF4B2-3863-47B5-B15D-818ED88D4BE5}"
EndProject
Project("{FAE04EC0-301F-11D3-BF4B-00C04F79EFBC}") = "Loop.Web", "Loop.Web\Loop.Web.csproj", "{B40BB5E5-56E5-40B3-BEE0-ACDC37A68097}"
EndProject
Project("{FAE04EC0-301F-11D3-BF4B-00C04F79EFBC}") = "Loop.Entities", "Loop.Entities\Loop.Entities.csproj", "{B4F1C605-9A2D-466B-BAB9-129E6157C5F5}"
EndProject
Project("{FAE04EC0-301F-11D3-BF4B-00C04F79EFBC}") = "Loop.Desktop", "Loop.Desktop\Loop.Desktop.csproj", "{D12D4A06-5F1C-4254-A059-9B9509E31C67}"
EndProject
Global
	GlobalSection(SolutionConfigurationPlatforms) = preSolution
		Debug|Any CPU = Debug|Any CPU
		Release|Any CPU = Release|Any CPU
	EndGlobalSection
	GlobalSection(ProjectConfigurationPlatforms) = postSolution
		{AF54FC27-A0F1-458E-AEAC-9E729BDA9F79}.Debug|Any CPU.ActiveCfg = Debug|Any CPU
		{AF54FC27-A0F1-458E-AEAC-9E729BDA9F79}.Debug|Any CPU.Build.0 = Debug|Any CPU
		{AF54FC27-A0F1-458E-AEAC-9E729BDA9F79}.Release|Any CPU.ActiveCfg = Release|Any CPU
		{AF54FC27-A0F1-458E-AEAC-9E729BDA9F79}.Release|Any CPU.Build.0 = Release|Any CPU
		{4D8EF4B2-3863-47B5-B15D-818ED88D4BE5}.Debug|Any CPU.ActiveCfg = Debug|Any CPU
		{4D8EF4B2-3863-47B5-B15D-818ED88D4BE5}.Debug|Any CPU.Build.0 = Debug|Any CPU
		{4D8EF4B2-3863-47B5-B15D-818ED88D4BE5}.Release|Any CPU.ActiveCfg = Release|Any CPU
		{4D8EF4B2-3863-47B5-B15D-818ED88D4BE5}.Release|Any CPU.Build.0 = Release|Any CPU
		{B40BB5E5-56E5-40B3-BEE0-ACDC37A68097}.Debug|Any CPU.ActiveCfg = Debug|Any CPU
		{B40BB5E5-56E5-40B3-BEE0-ACDC37A68097}.Debug|Any CPU.Build.0 = Debug|Any CPU
		{B40BB5E5-56E5-40B3-BEE0-ACDC37A68097}.Release|Any CPU.ActiveCfg = Release|Any CPU
		{B40BB5E5-56E5-40B3-BEE0-ACDC37A68097}.Release|Any CPU.Build.0 = Release|Any CPU
		{B4F1C605-9A2D-466B-BAB9-129E6157C5F5}.Debug|Any CPU.ActiveCfg = Debug|Any CPU
		{B4F1C605-9A2D-466B-BAB9-129E6157C5F5}.Debug|Any CPU.Build.0 = Debug|Any CPU
		{B4F1C605-9A2D-466B-BAB9-129E6157C5F5}.Release|Any CPU.ActiveCfg = Release|Any CPU
		{B4F1C605-9A2D-466B-BAB9-129E6157C5F5}.Release|Any CPU.Build.0 = Release|Any CPU
		{D12D4A06-5F1C-4254-A059-9B9509E31C67}.Debug|Any CPU.ActiveCfg = Debug|Any CPU
		{D12D4A06-5F1C-4254-A059-9B9509E31C67}.Debug|Any CPU.Build.0 = Debug|Any CPU
		{D12D4A06-5F1C-4254-A059-9B9509E31C67}.Release|Any CPU.ActiveCfg = Release|Any CPU
		{D12D4A06-5F1C-4254-A059-9B9509E31C67}.Release|Any CPU.Build.0 = Release|Any CPU
	EndGlobalSection
	GlobalSection(SolutionProperties) = preSolution
		HideSolutionNode = FALSE
	EndGlobalSection
	GlobalSection(ExtensibilityGlobals) = postSolution
		SolutionGuid = {8572957C-239F-4C0A-BC23-A9BFA5C16472}
	EndGlobalSection
EndGlobal
